// !$*UTF8*$!
{
	archiveVersion = 1;
	classes = {
	};
	objectVersion = 46;
	objects = {

/* Begin PBXBuildFile section */
		3C109DB41B71B57200814620 /* AddToDoItemViewController.m in Sources */ = {isa = PBXBuildFile; fileRef = 3C109DB31B71B57200814620 /* AddToDoItemViewController.m */; };
		3C109DB71B71B6E800814620 /* ToDoListTableViewController.m in Sources */ = {isa = PBXBuildFile; fileRef = 3C109DB61B71B6E800814620 /* ToDoListTableViewController.m */; };
		3C99F9841B43878300403B22 /* ToDoItem.m in Sources */ = {isa = PBXBuildFile; fileRef = 3C99F9831B43878300403B22 /* ToDoItem.m */; };
		3CD660351B411B6E009E574A /* main.m in Sources */ = {isa = PBXBuildFile; fileRef = 3CD660341B411B6E009E574A /* main.m */; };
		3CD660381B411B6E009E574A /* AppDelegate.m in Sources */ = {isa = PBXBuildFile; fileRef = 3CD660371B411B6E009E574A /* AppDelegate.m */; };
		3CD6603B1B411B6E009E574A /* ViewController.m in Sources */ = {isa = PBXBuildFile; fileRef = 3CD6603A1B411B6E009E574A /* ViewController.m */; };
		3CD6603E1B411B6E009E574A /* Main.storyboard in Resources */ = {isa = PBXBuildFile; fileRef = 3CD6603C1B411B6E009E574A /* Main.storyboard */; };
		3CD660401B411B6E009E574A /* Images.xcassets in Resources */ = {isa = PBXBuildFile; fileRef = 3CD6603F1B411B6E009E574A /* Images.xcassets */; };
		3CD660431B411B6E009E574A /* LaunchScreen.xib in Resources */ = {isa = PBXBuildFile; fileRef = 3CD660411B411B6E009E574A /* LaunchScreen.xib */; };
		3CD6604F1B411B6E009E574A /* ToDoListTests.m in Sources */ = {isa = PBXBuildFile; fileRef = 3CD6604E1B411B6E009E574A /* ToDoListTests.m */; };
/* End PBXBuildFile section */

/* Begin PBXContainerItemProxy section */
		3CD660491B411B6E009E574A /* PBXContainerItemProxy */ = {
			isa = PBXContainerItemProxy;
			containerPortal = 3CD660271B411B6E009E574A /* Project object */;
			proxyType = 1;
			remoteGlobalIDString = 3CD6602E1B411B6E009E574A;
			remoteInfo = ToDoList;
		};
/* End PBXContainerItemProxy section */

/* Begin PBXFileReference section */
		3C109DB21B71B57200814620 /* AddToDoItemViewController.h */ = {isa = PBXFileReference; fileEncoding = 4; lastKnownFileType = sourcecode.c.h; path = AddToDoItemViewController.h; sourceTree = "<group>"; };
		3C109DB31B71B57200814620 /* AddToDoItemViewController.m */ = {isa = PBXFileReference; fileEncoding = 4; lastKnownFileType = sourcecode.c.objc; path = AddToDoItemViewController.m; sourceTree = "<group>"; };
		3C109DB51B71B6E800814620 /* ToDoListTableViewController.h */ = {isa = PBXFileReference; fileEncoding = 4; lastKnownFileType = sourcecode.c.h; path = ToDoListTableViewController.h; sourceTree = "<group>"; };
		3C109DB61B71B6E800814620 /* ToDoListTableViewController.m */ = {isa = PBXFileReference; fileEncoding = 4; lastKnownFileType = sourcecode.c.objc; path = ToDoListTableViewController.m; sourceTree = "<group>"; };
		3C99F9821B43878300403B22 /* ToDoItem.h */ = {isa = PBXFileReference; fileEncoding = 4; lastKnownFileType = sourcecode.c.h; path = ToDoItem.h; sourceTree = "<group>"; };
		3C99F9831B43878300403B22 /* ToDoItem.m */ = {isa = PBXFileReference; fileEncoding = 4; lastKnownFileType = sourcecode.c.objc; path = ToDoItem.m; sourceTree = "<group>"; };
		3CD6602F1B411B6E009E574A /* ToDoList.app */ = {isa = PBXFileReference; explicitFileType = wrapper.application; includeInIndex = 0; path = ToDoList.app; sourceTree = BUILT_PRODUCTS_DIR; };
		3CD660331B411B6E009E574A /* Info.plist */ = {isa = PBXFileReference; lastKnownFileType = text.plist.xml; path = Info.plist; sourceTree = "<group>"; };
		3CD660341B411B6E009E574A /* main.m */ = {isa = PBXFileReference; lastKnownFileType = sourcecode.c.objc; path = main.m; sourceTree = "<group>"; };
		3CD660361B411B6E009E574A /* AppDelegate.h */ = {isa = PBXFileReference; lastKnownFileType = sourcecode.c.h; path = AppDelegate.h; sourceTree = "<group>"; };
		3CD660371B411B6E009E574A /* AppDelegate.m */ = {isa = PBXFileReference; lastKnownFileType = sourcecode.c.objc; path = AppDelegate.m; sourceTree = "<group>"; };
		3CD660391B411B6E009E574A /* ViewController.h */ = {isa = PBXFileReference; lastKnownFileType = sourcecode.c.h; path = ViewController.h; sourceTree = "<group>"; };
		3CD6603A1B411B6E009E574A /* ViewController.m */ = {isa = PBXFileReference; lastKnownFileType = sourcecode.c.objc; path = ViewController.m; sourceTree = "<group>"; };
		3CD6603D1B411B6E009E574A /* Base */ = {isa = PBXFileReference; lastKnownFileType = file.storyboard; name = Base; path = Base.lproj/Main.storyboard; sourceTree = "<group>"; };
		3CD6603F1B411B6E009E574A /* Images.xcassets */ = {isa = PBXFileReference; lastKnownFileType = folder.assetcatalog; path = Images.xcassets; sourceTree = "<group>"; };
		3CD660421B411B6E009E574A /* Base */ = {isa = PBXFileReference; lastKnownFileType = file.xib; name = Base; path = Base.lproj/LaunchScreen.xib; sourceTree = "<group>"; };
		3CD660481B411B6E009E574A /* ToDoListTests.xctest */ = {isa = PBXFileReference; explicitFileType = wrapper.cfbundle; includeInIndex = 0; path = ToDoListTests.xctest; sourceTree = BUILT_PRODUCTS_DIR; };
		3CD6604D1B411B6E009E574A /* Info.plist */ = {isa = PBXFileReference; lastKnownFileType = text.plist.xml; path = Info.plist; sourceTree = "<group>"; };
		3CD6604E1B411B6E009E574A /* ToDoListTests.m */ = {isa = PBXFileReference; lastKnownFileType = sourcecode.c.objc; path = ToDoListTests.m; sourceTree = "<group>"; };
/* End PBXFileReference section */

/* Begin PBXFrameworksBuildPhase section */
		3CD6602C1B411B6E009E574A /* Frameworks */ = {
			isa = PBXFrameworksBuildPhase;
			buildActionMask = 2147483647;
			files = (
			);
			runOnlyForDeploymentPostprocessing = 0;
		};
		3CD660451B411B6E009E574A /* Frameworks */ = {
			isa = PBXFrameworksBuildPhase;
			buildActionMask = 2147483647;
			files = (
			);
			runOnlyForDeploymentPostprocessing = 0;
		};
/* End PBXFrameworksBuildPhase section */

/* Begin PBXGroup section */
		3CD660261B411B6E009E574A = {
			isa = PBXGroup;
			children = (
				3CD660311B411B6E009E574A /* ToDoList */,
				3CD6604B1B411B6E009E574A /* ToDoListTests */,
				3CD660301B411B6E009E574A /* Products */,
			);
			sourceTree = "<group>";
		};
		3CD660301B411B6E009E574A /* Products */ = {
			isa = PBXGroup;
			children = (
				3CD6602F1B411B6E009E574A /* ToDoList.app */,
				3CD660481B411B6E009E574A /* ToDoListTests.xctest */,
			);
			name = Products;
			sourceTree = "<group>";
		};
		3CD660311B411B6E009E574A /* ToDoList */ = {
			isa = PBXGroup;
			children = (
				3CD660361B411B6E009E574A /* AppDelegate.h */,
				3CD660371B411B6E009E574A /* AppDelegate.m */,
				3CD660391B411B6E009E574A /* ViewController.h */,
				3CD6603A1B411B6E009E574A /* ViewController.m */,
				3C109DB51B71B6E800814620 /* ToDoListTableViewController.h */,
				3C109DB61B71B6E800814620 /* ToDoListTableViewController.m */,
				3C109DB21B71B57200814620 /* AddToDoItemViewController.h */,
				3C109DB31B71B57200814620 /* AddToDoItemViewController.m */,
				3C99F9821B43878300403B22 /* ToDoItem.h */,
				3C99F9831B43878300403B22 /* ToDoItem.m */,
				3CD6603C1B411B6E009E574A /* Main.storyboard */,
				3CD6603F1B411B6E009E574A /* Images.xcassets */,
				3CD660411B411B6E009E574A /* LaunchScreen.xib */,
				3CD660321B411B6E009E574A /* Supporting Files */,
			);
			path = ToDoList;
			sourceTree = "<group>";
		};
		3CD660321B411B6E009E574A /* Supporting Files */ = {
			isa = PBXGroup;
			children = (
				3CD660331B411B6E009E574A /* Info.plist */,
				3CD660341B411B6E009E574A /* main.m */,
			);
			name = "Supporting Files";
			sourceTree = "<group>";
		};
		3CD6604B1B411B6E009E574A /* ToDoListTests */ = {
			isa = PBXGroup;
			children = (
				3CD6604E1B411B6E009E574A /* ToDoListTests.m */,
				3CD6604C1B411B6E009E574A /* Supporting Files */,
			);
			path = ToDoListTests;
			sourceTree = "<group>";
		};
		3CD6604C1B411B6E009E574A /* Supporting Files */ = {
			isa = PBXGroup;
			children = (
				3CD6604D1B411B6E009E574A /* Info.plist */,
			);
			name = "Supporting Files";
			sourceTree = "<group>";
		};
/* End PBXGroup section */

/* Begin PBXNativeTarget section */
		3CD6602E1B411B6E009E574A /* ToDoList */ = {
			isa = PBXNativeTarget;
			buildConfigurationList = 3CD660521B411B6E009E574A /* Build configuration list for PBXNativeTarget "ToDoList" */;
			buildPhases = (
				3CD6602B1B411B6E009E574A /* Sources */,
				3CD6602C1B411B6E009E574A /* Frameworks */,
				3CD6602D1B411B6E009E574A /* Resources */,
			);
			buildRules = (
			);
			dependencies = (
			);
			name = ToDoList;
			productName = ToDoList;
			productReference = 3CD6602F1B411B6E009E574A /* ToDoList.app */;
			productType = "com.apple.product-type.application";
		};
		3CD660471B411B6E009E574A /* ToDoListTests */ = {
			isa = PBXNativeTarget;
			buildConfigurationList = 3CD660551B411B6E009E574A /* Build configuration list for PBXNativeTarget "ToDoListTests" */;
			buildPhases = (
				3CD660441B411B6E009E574A /* Sources */,
				3CD660451B411B6E009E574A /* Frameworks */,
				3CD660461B411B6E009E574A /* Resources */,
			);
			buildRules = (
			);
			dependencies = (
				3CD6604A1B411B6E009E574A /* PBXTargetDependency */,
			);
			name = ToDoListTests;
			productName = ToDoListTests;
			productReference = 3CD660481B411B6E009E574A /* ToDoListTests.xctest */;
			productType = "com.apple.product-type.bundle.unit-test";
		};
/* End PBXNativeTarget section */

/* Begin PBXProject section */
		3CD660271B411B6E009E574A /* Project object */ = {
			isa = PBXProject;
			attributes = {
				LastUpgradeCheck = 0630;
				ORGANIZATIONNAME = "Dean Laurea";
				TargetAttributes = {
					3CD6602E1B411B6E009E574A = {
						CreatedOnToolsVersion = 6.3.2;
					};
					3CD660471B411B6E009E574A = {
						CreatedOnToolsVersion = 6.3.2;
						TestTargetID = 3CD6602E1B411B6E009E574A;
					};
				};
			};
			buildConfigurationList = 3CD6602A1B411B6E009E574A /* Build configuration list for PBXProject "ToDoList" */;
			compatibilityVersion = "Xcode 3.2";
			developmentRegion = English;
			hasScannedForEncodings = 0;
			knownRegions = (
				en,
				Base,
			);
			mainGroup = 3CD660261B411B6E009E574A;
			productRefGroup = 3CD660301B411B6E009E574A /* Products */;
			projectDirPath = "";
			projectRoot = "";
			targets = (
				3CD6602E1B411B6E009E574A /* ToDoList */,
				3CD660471B411B6E009E574A /* ToDoListTests */,
			);
		};
/* End PBXProject section */

/* Begin PBXResourcesBuildPhase section */
		3CD6602D1B411B6E009E574A /* Resources */ = {
			isa = PBXResourcesBuildPhase;
			buildActionMask = 2147483647;
			files = (
				3CD6603E1B411B6E009E574A /* Main.storyboard in Resources */,
				3CD660431B411B6E009E574A /* LaunchScreen.xib in Resources */,
				3CD660401B411B6E009E574A /* Images.xcassets in Resources */,
			);
			runOnlyForDeploymentPostprocessing = 0;
		};
		3CD660461B411B6E009E574A /* Resources */ = {
			isa = PBXResourcesBuildPhase;
			buildActionMask = 2147483647;
			files = (
			);
			runOnlyForDeploymentPostprocessing = 0;
		};
/* End PBXResourcesBuildPhase section */

/* Begin PBXSourcesBuildPhase section */
		3CD6602B1B411B6E009E574A /* Sources */ = {
			isa = PBXSourcesBuildPhase;
			buildActionMask = 2147483647;
			files = (
				3CD6603B1B411B6E009E574A /* ViewController.m in Sources */,
				3C109DB41B71B57200814620 /* AddToDoItemViewController.m in Sources */,
				3CD660381B411B6E009E574A /* AppDelegate.m in Sources */,
				3C109DB71B71B6E800814620 /* ToDoListTableViewController.m in Sources */,
				3C99F9841B43878300403B22 /* ToDoItem.m in Sources */,
				3CD660351B411B6E009E574A /* main.m in Sources */,
			);
			runOnlyForDeploymentPostprocessing = 0;
		};
		3CD660441B411B6E009E574A /* Sources */ = {
			isa = PBXSourcesBuildPhase;
			buildActionMask = 2147483647;
			files = (
				3CD6604F1B411B6E009E574A /* ToDoListTests.m in Sources */,
			);
			runOnlyForDeploymentPostprocessing = 0;
		};
/* End PBXSourcesBuildPhase section */

/* Begin PBXTargetDependency section */
		3CD6604A1B411B6E009E574A /* PBXTargetDependency */ = {
			isa = PBXTargetDependency;
			target = 3CD6602E1B411B6E009E574A /* ToDoList */;
			targetProxy = 3CD660491B411B6E009E574A /* PBXContainerItemProxy */;
		};
/* End PBXTargetDependency section */

/* Begin PBXVariantGroup section */
		3CD6603C1B411B6E009E574A /* Main.storyboard */ = {
			isa = PBXVariantGroup;
			children = (
				3CD6603D1B411B6E009E574A /* Base */,
			);
			name = Main.storyboard;
			sourceTree = "<group>";
		};
		3CD660411B411B6E009E574A /* LaunchScreen.xib */ = {
			isa = PBXVariantGroup;
			children = (
				3CD660421B411B6E009E574A /* Base */,
			);
			name = LaunchScreen.xib;
			sourceTree = "<group>";
		};
/* End PBXVariantGroup section */

/* Begin XCBuildConfiguration section */
		3CD660501B411B6E009E574A /* Debug */ = {
			isa = XCBuildConfiguration;
			buildSettings = {
				ALWAYS_SEARCH_USER_PATHS = NO;
				CLANG_CXX_LANGUAGE_STANDARD = "gnu++0x";
				CLANG_CXX_LIBRARY = "libc++";
				CLANG_ENABLE_MODULES = YES;
				CLANG_ENABLE_OBJC_ARC = YES;
				CLANG_WARN_BOOL_CONVERSION = YES;
				CLANG_WARN_CONSTANT_CONVERSION = YES;
				CLANG_WARN_DIRECT_OBJC_ISA_USAGE = YES_ERROR;
				CLANG_WARN_EMPTY_BODY = YES;
				CLANG_WARN_ENUM_CONVERSION = YES;
				CLANG_WARN_INT_CONVERSION = YES;
				CLANG_WARN_OBJC_ROOT_CLASS = YES_ERROR;
				CLANG_WARN_UNREACHABLE_CODE = YES;
				CLANG_WARN__DUPLICATE_METHOD_MATCH = YES;
				"CODE_SIGN_IDENTITY[sdk=iphoneos*]" = "iPhone Developer";
				COPY_PHASE_STRIP = NO;
				DEBUG_INFORMATION_FORMAT = "dwarf-with-dsym";
				ENABLE_STRICT_OBJC_MSGSEND = YES;
				GCC_C_LANGUAGE_STANDARD = gnu99;
				GCC_DYNAMIC_NO_PIC = NO;
				GCC_NO_COMMON_BLOCKS = YES;
				GCC_OPTIMIZATION_LEVEL = 0;
				GCC_PREPROCESSOR_DEFINITIONS = (
					"DEBUG=1",
					"$(inherited)",
				);
				GCC_SYMBOLS_PRIVATE_EXTERN = NO;
				GCC_WARN_64_TO_32_BIT_CONVERSION = YES;
				GCC_WARN_ABOUT_RETURN_TYPE = YES_ERROR;
				GCC_WARN_UNDECLARED_SELECTOR = YES;
				GCC_WARN_UNINITIALIZED_AUTOS = YES_AGGRESSIVE;
				GCC_WARN_UNUSED_FUNCTION = YES;
				GCC_WARN_UNUSED_VARIABLE = YES;
				IPHONEOS_DEPLOYMENT_TARGET = 8.3;
				MTL_ENABLE_DEBUG_INFO = YES;
				ONLY_ACTIVE_ARCH = YES;
				SDKROOT = iphoneos;
				TARGETED_DEVICE_FAMILY = "1,2";
			};
			name = Debug;
		};
		3CD660511B411B6E009E574A /* Release */ = {
			isa = XCBuildConfiguration;
			buildSettings = {
				ALWAYS_SEARCH_USER_PATHS = NO;
				CLANG_CXX_LANGUAGE_STANDARD = "gnu++0x";
				CLANG_CXX_LIBRARY = "libc++";
				CLANG_ENABLE_MODULES = YES;
				CLANG_ENABLE_OBJC_ARC = YES;
				CLANG_WARN_BOOL_CONVERSION = YES;
				CLANG_WARN_CONSTANT_CONVERSION = YES;
				CLANG_WARN_DIRECT_OBJC_ISA_USAGE = YES_ERROR;
				CLANG_WARN_EMPTY_BODY = YES;
				CLANG_WARN_ENUM_CONVERSION = YES;
				CLANG_WARN_INT_CONVERSION = YES;
				CLANG_WARN_OBJC_ROOT_CLASS = YES_ERROR;
				CLANG_WARN_UNREACHABLE_CODE = YES;
				CLANG_WARN__DUPLICATE_METHOD_MATCH = YES;
				"CODE_SIGN_IDENTITY[sdk=iphoneos*]" = "iPhone Developer";
				COPY_PHASE_STRIP = NO;
				DEBUG_INFORMATION_FORMAT = "dwarf-with-dsym";
				ENABLE_NS_ASSERTIONS = NO;
				ENABLE_STRICT_OBJC_MSGSEND = YES;
				GCC_C_LANGUAGE_STANDARD = gnu99;
				GCC_NO_COMMON_BLOCKS = YES;
				GCC_WARN_64_TO_32_BIT_CONVERSION = YES;
				GCC_WARN_ABOUT_RETURN_TYPE = YES_ERROR;
				GCC_WARN_UNDECLARED_SELECTOR = YES;
				GCC_WARN_UNINITIALIZED_AUTOS = YES_AGGRESSIVE;
				GCC_WARN_UNUSED_FUNCTION = YES;
				GCC_WARN_UNUSED_VARIABLE = YES;
				IPHONEOS_DEPLOYMENT_TARGET = 8.3;
				MTL_ENABLE_DEBUG_INFO = NO;
				SDKROOT = iphoneos;
				TARGETED_DEVICE_FAMILY = "1,2";
				VALIDATE_PRODUCT = YES;
			};
			name = Release;
		};
		3CD660531B411B6E009E574A /* Debug */ = {
			isa = XCBuildConfiguration;
			buildSettings = {
				ASSETCATALOG_COMPILER_APPICON_NAME = AppIcon;
				INFOPLIST_FILE = ToDoList/Info.plist;
				LD_RUNPATH_SEARCH_PATHS = "$(inherited) @executable_path/Frameworks";
				PRODUCT_NAME = "$(TARGET_NAME)";
			};
			name = Debug;
		};
		3CD660541B411B6E009E574A /* Release */ = {
			isa = XCBuildConfiguration;
			buildSettings = {
				ASSETCATALOG_COMPILER_APPICON_NAME = AppIcon;
				INFOPLIST_FILE = ToDoList/Info.plist;
				LD_RUNPATH_SEARCH_PATHS = "$(inherited) @executable_path/Frameworks";
				PRODUCT_NAME = "$(TARGET_NAME)";
			};
			name = Release;
		};
		3CD660561B411B6E009E574A /* Debug */ = {
			isa = XCBuildConfiguration;
			buildSettings = {
				BUNDLE_LOADER = "$(TEST_HOST)";
				FRAMEWORK_SEARCH_PATHS = (
					"$(SDKROOT)/Developer/Library/Frameworks",
					"$(inherited)",
				);
				GCC_PREPROCESSOR_DEFINITIONS = (
					"DEBUG=1",
					"$(inherited)",
				);
				INFOPLIST_FILE = ToDoListTests/Info.plist;
				LD_RUNPATH_SEARCH_PATHS = "$(inherited) @executable_path/Frameworks @loader_path/Frameworks";
				PRODUCT_NAME = "$(TARGET_NAME)";
				TEST_HOST = "$(BUILT_PRODUCTS_DIR)/ToDoList.app/ToDoList";
			};
			name = Debug;
		};
		3CD660571B411B6E009E574A /* Release */ = {
			isa = XCBuildConfiguration;
			buildSettings = {
				BUNDLE_LOADER = "$(TEST_HOST)";
				FRAMEWORK_SEARCH_PATHS = (
					"$(SDKROOT)/Developer/Library/Frameworks",
					"$(inherited)",
				);
				INFOPLIST_FILE = ToDoListTests/Info.plist;
				LD_RUNPATH_SEARCH_PATHS = "$(inherited) @executable_path/Frameworks @loader_path/Frameworks";
				PRODUCT_NAME = "$(TARGET_NAME)";
				TEST_HOST = "$(BUILT_PRODUCTS_DIR)/ToDoList.app/ToDoList";
			};
			name = Release;
		};
/* End XCBuildConfiguration section */

/* Begin XCConfigurationList section */
		3CD6602A1B411B6E009E574A /* Build configuration list for PBXProject "ToDoList" */ = {
			isa = XCConfigurationList;
			buildConfigurations = (
				3CD660501B411B6E009E574A /* Debug */,
				3CD660511B411B6E009E574A /* Release */,
			);
			defaultConfigurationIsVisible = 0;
			defaultConfigurationName = Release;
		};
		3CD660521B411B6E009E574A /* Build configuration list for PBXNativeTarget "ToDoList" */ = {
			isa = XCConfigurationList;
			buildConfigurations = (
				3CD660531B411B6E009E574A /* Debug */,
				3CD660541B411B6E009E574A /* Release */,
			);
			defaultConfigurationIsVisible = 0;
			defaultConfigurationName = Release;
		};
		3CD660551B411B6E009E574A /* Build configuration list for PBXNativeTarget "ToDoListTests" */ = {
			isa = XCConfigurationList;
			buildConfigurations = (
				3CD660561B411B6E009E574A /* Debug */,
				3CD660571B411B6E009E574A /* Release */,
			);
			defaultConfigurationIsVisible = 0;
			defaultConfigurationName = Release;
		};
/* End XCConfigurationList section */
	};
	rootObject = 3CD660271B411B6E009E574A /* Project object */;
}
